
Microsoft Visual Studio Solution File, Format Version 12.00
# Visual Studio 15
Project("{FAE04EC0-301F-11D3-BF4B-00C04F79EFBC}") = "PlayCade.Library", "PlayCade.Library\PlayCade.Library.csproj", "{BAAD3B36-20BA-4576-A9E7-81356858EC85}"
EndProject
Project("{FAE04EC0-301F-11D3-BF4B-00C04F79EFBC}") = "PlayCade.MacOS", "PlayCade.MacOS\PlayCade.MacOS.csproj", "{842433E4-2A4C-4C26-AEBC-E2411AFD0997}"
EndProject
Project("{FAE04EC0-301F-11D3-BF4B-00C04F79EFBC}") = "PlayCade.iOS", "PlayCade.iOS\PlayCade.iOS.csproj", "{0FE902F6-354C-4408-BF1B-D55E680F2A89}"
EndProject
Global
	GlobalSection(SolutionConfigurationPlatforms) = preSolution
		Debug|Any CPU = Debug|Any CPU
		Release|Any CPU = Release|Any CPU
		Debug|iPhoneSimulator = Debug|iPhoneSimulator
		Release|iPhoneSimulator = Release|iPhoneSimulator
		Debug|iPhone = Debug|iPhone
		Release|iPhone = Release|iPhone
	EndGlobalSection
	GlobalSection(ProjectConfigurationPlatforms) = postSolution
		{BAAD3B36-20BA-4576-A9E7-81356858EC85}.Debug|Any CPU.ActiveCfg = Debug|Any CPU
		{BAAD3B36-20BA-4576-A9E7-81356858EC85}.Debug|Any CPU.Build.0 = Debug|Any CPU
		{BAAD3B36-20BA-4576-A9E7-81356858EC85}.Release|Any CPU.ActiveCfg = Release|Any CPU
		{BAAD3B36-20BA-4576-A9E7-81356858EC85}.Release|Any CPU.Build.0 = Release|Any CPU
		{BAAD3B36-20BA-4576-A9E7-81356858EC85}.Debug|iPhoneSimulator.ActiveCfg = Debug|Any CPU
		{BAAD3B36-20BA-4576-A9E7-81356858EC85}.Debug|iPhoneSimulator.Build.0 = Debug|Any CPU
		{BAAD3B36-20BA-4576-A9E7-81356858EC85}.Release|iPhoneSimulator.ActiveCfg = Release|Any CPU
		{BAAD3B36-20BA-4576-A9E7-81356858EC85}.Release|iPhoneSimulator.Build.0 = Release|Any CPU
		{BAAD3B36-20BA-4576-A9E7-81356858EC85}.Debug|iPhone.ActiveCfg = Debug|Any CPU
		{BAAD3B36-20BA-4576-A9E7-81356858EC85}.Debug|iPhone.Build.0 = Debug|Any CPU
		{BAAD3B36-20BA-4576-A9E7-81356858EC85}.Release|iPhone.ActiveCfg = Release|Any CPU
		{BAAD3B36-20BA-4576-A9E7-81356858EC85}.Release|iPhone.Build.0 = Release|Any CPU
		{842433E4-2A4C-4C26-AEBC-E2411AFD0997}.Debug|Any CPU.ActiveCfg = Debug|x86
		{842433E4-2A4C-4C26-AEBC-E2411AFD0997}.Debug|Any CPU.Build.0 = Debug|x86
		{842433E4-2A4C-4C26-AEBC-E2411AFD0997}.Release|Any CPU.ActiveCfg = Release|x86
		{842433E4-2A4C-4C26-AEBC-E2411AFD0997}.Release|Any CPU.Build.0 = Release|x86
		{842433E4-2A4C-4C26-AEBC-E2411AFD0997}.Debug|iPhoneSimulator.ActiveCfg = Debug|x86
		{842433E4-2A4C-4C26-AEBC-E2411AFD0997}.Debug|iPhoneSimulator.Build.0 = Debug|x86
		{842433E4-2A4C-4C26-AEBC-E2411AFD0997}.Release|iPhoneSimulator.ActiveCfg = Release|x86
		{842433E4-2A4C-4C26-AEBC-E2411AFD0997}.Release|iPhoneSimulator.Build.0 = Release|x86
		{842433E4-2A4C-4C26-AEBC-E2411AFD0997}.Debug|iPhone.ActiveCfg = Debug|x86
		{842433E4-2A4C-4C26-AEBC-E2411AFD0997}.Debug|iPhone.Build.0 = Debug|x86
		{842433E4-2A4C-4C26-AEBC-E2411AFD0997}.Release|iPhone.ActiveCfg = Release|x86
		{842433E4-2A4C-4C26-AEBC-E2411AFD0997}.Release|iPhone.Build.0 = Release|x86
		{0FE902F6-354C-4408-BF1B-D55E680F2A89}.Debug|Any CPU.ActiveCfg = Debug|iPhoneSimulator
		{0FE902F6-354C-4408-BF1B-D55E680F2A89}.Debug|Any CPU.Build.0 = Debug|iPhoneSimulator
		{0FE902F6-354C-4408-BF1B-D55E680F2A89}.Release|Any CPU.ActiveCfg = Release|iPhoneSimulator
		{0FE902F6-354C-4408-BF1B-D55E680F2A89}.Release|Any CPU.Build.0 = Release|iPhoneSimulator
		{0FE902F6-354C-4408-BF1B-D55E680F2A89}.Debug|iPhoneSimulator.ActiveCfg = Debug|iPhoneSimulator
		{0FE902F6-354C-4408-BF1B-D55E680F2A89}.Debug|iPhoneSimulator.Build.0 = Debug|iPhoneSimulator
		{0FE902F6-354C-4408-BF1B-D55E680F2A89}.Release|iPhoneSimulator.ActiveCfg = Release|iPhoneSimulator
		{0FE902F6-354C-4408-BF1B-D55E680F2A89}.Release|iPhoneSimulator.Build.0 = Release|iPhoneSimulator
		{0FE902F6-354C-4408-BF1B-D55E680F2A89}.Debug|iPhone.ActiveCfg = Debug|iPhone
		{0FE902F6-354C-4408-BF1B-D55E680F2A89}.Debug|iPhone.Build.0 = Debug|iPhone
		{0FE902F6-354C-4408-BF1B-D55E680F2A89}.Release|iPhone.ActiveCfg = Release|iPhone
		{0FE902F6-354C-4408-BF1B-D55E680F2A89}.Release|iPhone.Build.0 = Release|iPhone
	EndGlobalSection
EndGlobal
